
Microsoft Visual Studio Solution File, Format Version 12.00
# Visual Studio Version 16
VisualStudioVersion = 16.0.30907.101
MinimumVisualStudioVersion = 10.0.40219.1
Project("{9A19103F-16F7-4668-BE54-9A1E7A4F7556}") = "Kodlama.Io", "Kodlama.Io\Kodlama.Io.csproj", "{3BD85732-0983-4E87-AB99-3F5929F4C454}"
EndProject
Project("{9A19103F-16F7-4668-BE54-9A1E7A4F7556}") = "Methods", "Methods\Methods.csproj", "{AC8D8DDF-0888-4485-946B-A569EA394A48}"
EndProject
Project("{9A19103F-16F7-4668-BE54-9A1E7A4F7556}") = "Matematik", "Matematik\Matematik.csproj", "{F03CB85F-37E5-4123-9438-D56937A9EF8E}"
EndProject
Project("{9A19103F-16F7-4668-BE54-9A1E7A4F7556}") = "VariableAndReferanceTypes", "VariableAndReferanceTypes\VariableAndReferanceTypes.csproj", "{C2D2E72A-3727-4C2F-9CAF-CFA9821B5C08}"
EndProject
Project("{FAE04EC0-301F-11D3-BF4B-00C04F79EFBC}") = "OOP1", "OOP1\OOP1.csproj", "{8D8A533A-47EB-4DC9-A381-B65F75CD9F74}"
EndProject
Project("{FAE04EC0-301F-11D3-BF4B-00C04F79EFBC}") = "Collections", "Collections\Collections.csproj", "{BC5BABAA-1FD6-47B7-85EB-4AFCAC8729BF}"
EndProject
Project("{FAE04EC0-301F-11D3-BF4B-00C04F79EFBC}") = "GenericsIntro", "GenericsIntro\GenericsIntro.csproj", "{3725C01C-0E1B-4A75-BDDB-7EC9154E614E}"
EndProject
Global
	GlobalSection(SolutionConfigurationPlatforms) = preSolution
		Debug|Any CPU = Debug|Any CPU
		Release|Any CPU = Release|Any CPU
	EndGlobalSection
	GlobalSection(ProjectConfigurationPlatforms) = postSolution
		{3BD85732-0983-4E87-AB99-3F5929F4C454}.Debug|Any CPU.ActiveCfg = Debug|Any CPU
		{3BD85732-0983-4E87-AB99-3F5929F4C454}.Debug|Any CPU.Build.0 = Debug|Any CPU
		{3BD85732-0983-4E87-AB99-3F5929F4C454}.Release|Any CPU.ActiveCfg = Release|Any CPU
		{3BD85732-0983-4E87-AB99-3F5929F4C454}.Release|Any CPU.Build.0 = Release|Any CPU
		{AC8D8DDF-0888-4485-946B-A569EA394A48}.Debug|Any CPU.ActiveCfg = Debug|Any CPU
		{AC8D8DDF-0888-4485-946B-A569EA394A48}.Debug|Any CPU.Build.0 = Debug|Any CPU
		{AC8D8DDF-0888-4485-946B-A569EA394A48}.Release|Any CPU.ActiveCfg = Release|Any CPU
		{AC8D8DDF-0888-4485-946B-A569EA394A48}.Release|Any CPU.Build.0 = Release|Any CPU
		{F03CB85F-37E5-4123-9438-D56937A9EF8E}.Debug|Any CPU.ActiveCfg = Debug|Any CPU
		{F03CB85F-37E5-4123-9438-D56937A9EF8E}.Debug|Any CPU.Build.0 = Debug|Any CPU
		{F03CB85F-37E5-4123-9438-D56937A9EF8E}.Release|Any CPU.ActiveCfg = Release|Any CPU
		{F03CB85F-37E5-4123-9438-D56937A9EF8E}.Release|Any CPU.Build.0 = Release|Any CPU
		{C2D2E72A-3727-4C2F-9CAF-CFA9821B5C08}.Debug|Any CPU.ActiveCfg = Debug|Any CPU
		{C2D2E72A-3727-4C2F-9CAF-CFA9821B5C08}.Debug|Any CPU.Build.0 = Debug|Any CPU
		{C2D2E72A-3727-4C2F-9CAF-CFA9821B5C08}.Release|Any CPU.ActiveCfg = Release|Any CPU
		{C2D2E72A-3727-4C2F-9CAF-CFA9821B5C08}.Release|Any CPU.Build.0 = Release|Any CPU
		{8D8A533A-47EB-4DC9-A381-B65F75CD9F74}.Debug|Any CPU.ActiveCfg = Debug|Any CPU
		{8D8A533A-47EB-4DC9-A381-B65F75CD9F74}.Debug|Any CPU.Build.0 = Debug|Any CPU
		{8D8A533A-47EB-4DC9-A381-B65F75CD9F74}.Release|Any CPU.ActiveCfg = Release|Any CPU
		{8D8A533A-47EB-4DC9-A381-B65F75CD9F74}.Release|Any CPU.Build.0 = Release|Any CPU
		{BC5BABAA-1FD6-47B7-85EB-4AFCAC8729BF}.Debug|Any CPU.ActiveCfg = Debug|Any CPU
		{BC5BABAA-1FD6-47B7-85EB-4AFCAC8729BF}.Debug|Any CPU.Build.0 = Debug|Any CPU
		{BC5BABAA-1FD6-47B7-85EB-4AFCAC8729BF}.Release|Any CPU.ActiveCfg = Release|Any CPU
		{BC5BABAA-1FD6-47B7-85EB-4AFCAC8729BF}.Release|Any CPU.Build.0 = Release|Any CPU
		{3725C01C-0E1B-4A75-BDDB-7EC9154E614E}.Debug|Any CPU.ActiveCfg = Debug|Any CPU
		{3725C01C-0E1B-4A75-BDDB-7EC9154E614E}.Debug|Any CPU.Build.0 = Debug|Any CPU
		{3725C01C-0E1B-4A75-BDDB-7EC9154E614E}.Release|Any CPU.ActiveCfg = Release|Any CPU
		{3725C01C-0E1B-4A75-BDDB-7EC9154E614E}.Release|Any CPU.Build.0 = Release|Any CPU
	EndGlobalSection
	GlobalSection(SolutionProperties) = preSolution
		HideSolutionNode = FALSE
	EndGlobalSection
	GlobalSection(ExtensibilityGlobals) = postSolution
		SolutionGuid = {F3251FE7-615C-475F-A760-640DAA55C1B8}
	EndGlobalSection
EndGlobal
